
Microsoft Visual Studio Solution File, Format Version 12.00
# Visual Studio Version 17
VisualStudioVersion = 17.9.34728.123
MinimumVisualStudioVersion = 10.0.40219.1
Project("{9A19103F-16F7-4668-BE54-9A1E7A4F7556}") = "SignalRApi", "SignalRApi\SignalRApi.csproj", "{3741B5E0-9C0F-488E-B69B-94FA1E8565C0}"
EndProject
Project("{9A19103F-16F7-4668-BE54-9A1E7A4F7556}") = "SignalRWebUI", "SignalRWebUI\SignalRWebUI.csproj", "{96C3DC4D-CC5D-4790-B14D-F26902B8FE04}"
EndProject
Project("{9A19103F-16F7-4668-BE54-9A1E7A4F7556}") = "SignalR.EntityLayer", "SignalR.EntityLayer\SignalR.EntityLayer.csproj", "{4407194E-B8E7-41BD-82E3-070D1C9D3015}"
EndProject
Project("{FAE04EC0-301F-11D3-BF4B-00C04F79EFBC}") = "SignalR.DataAccessLayer", "SignalR.DataAccessLayer\SignalR.DataAccessLayer.csproj", "{1E4E2B1F-F6C4-468B-8230-0CCB08C78E3E}"
EndProject
Project("{FAE04EC0-301F-11D3-BF4B-00C04F79EFBC}") = "SignalR.DtoLayer", "SignalR.DtoLayer\SignalR.DtoLayer.csproj", "{D6A022E5-D5F7-47B3-8C5D-21DDA3A62F0F}"
EndProject
Project("{FAE04EC0-301F-11D3-BF4B-00C04F79EFBC}") = "SignalR.BusinessLayer", "SignalR.BusinessLayer\SignalR.BusinessLayer.csproj", "{10F42B2A-5932-40A8-9DFE-FA9F804FA602}"
EndProject
Global
	GlobalSection(SolutionConfigurationPlatforms) = preSolution
		Debug|Any CPU = Debug|Any CPU
		Release|Any CPU = Release|Any CPU
	EndGlobalSection
	GlobalSection(ProjectConfigurationPlatforms) = postSolution
		{3741B5E0-9C0F-488E-B69B-94FA1E8565C0}.Debug|Any CPU.ActiveCfg = Debug|Any CPU
		{3741B5E0-9C0F-488E-B69B-94FA1E8565C0}.Debug|Any CPU.Build.0 = Debug|Any CPU
		{3741B5E0-9C0F-488E-B69B-94FA1E8565C0}.Release|Any CPU.ActiveCfg = Release|Any CPU
		{3741B5E0-9C0F-488E-B69B-94FA1E8565C0}.Release|Any CPU.Build.0 = Release|Any CPU
		{96C3DC4D-CC5D-4790-B14D-F26902B8FE04}.Debug|Any CPU.ActiveCfg = Debug|Any CPU
		{96C3DC4D-CC5D-4790-B14D-F26902B8FE04}.Debug|Any CPU.Build.0 = Debug|Any CPU
		{96C3DC4D-CC5D-4790-B14D-F26902B8FE04}.Release|Any CPU.ActiveCfg = Release|Any CPU
		{96C3DC4D-CC5D-4790-B14D-F26902B8FE04}.Release|Any CPU.Build.0 = Release|Any CPU
		{4407194E-B8E7-41BD-82E3-070D1C9D3015}.Debug|Any CPU.ActiveCfg = Debug|Any CPU
		{4407194E-B8E7-41BD-82E3-070D1C9D3015}.Debug|Any CPU.Build.0 = Debug|Any CPU
		{4407194E-B8E7-41BD-82E3-070D1C9D3015}.Release|Any CPU.ActiveCfg = Release|Any CPU
		{4407194E-B8E7-41BD-82E3-070D1C9D3015}.Release|Any CPU.Build.0 = Release|Any CPU
		{1E4E2B1F-F6C4-468B-8230-0CCB08C78E3E}.Debug|Any CPU.ActiveCfg = Debug|Any CPU
		{1E4E2B1F-F6C4-468B-8230-0CCB08C78E3E}.Debug|Any CPU.Build.0 = Debug|Any CPU
		{1E4E2B1F-F6C4-468B-8230-0CCB08C78E3E}.Release|Any CPU.ActiveCfg = Release|Any CPU
		{1E4E2B1F-F6C4-468B-8230-0CCB08C78E3E}.Release|Any CPU.Build.0 = Release|Any CPU
		{D6A022E5-D5F7-47B3-8C5D-21DDA3A62F0F}.Debug|Any CPU.ActiveCfg = Debug|Any CPU
		{D6A022E5-D5F7-47B3-8C5D-21DDA3A62F0F}.Debug|Any CPU.Build.0 = Debug|Any CPU
		{D6A022E5-D5F7-47B3-8C5D-21DDA3A62F0F}.Release|Any CPU.ActiveCfg = Release|Any CPU
		{D6A022E5-D5F7-47B3-8C5D-21DDA3A62F0F}.Release|Any CPU.Build.0 = Release|Any CPU
		{10F42B2A-5932-40A8-9DFE-FA9F804FA602}.Debug|Any CPU.ActiveCfg = Debug|Any CPU
		{10F42B2A-5932-40A8-9DFE-FA9F804FA602}.Debug|Any CPU.Build.0 = Debug|Any CPU
		{10F42B2A-5932-40A8-9DFE-FA9F804FA602}.Release|Any CPU.ActiveCfg = Release|Any CPU
		{10F42B2A-5932-40A8-9DFE-FA9F804FA602}.Release|Any CPU.Build.0 = Release|Any CPU
	EndGlobalSection
	GlobalSection(SolutionProperties) = preSolution
		HideSolutionNode = FALSE
	EndGlobalSection
	GlobalSection(ExtensibilityGlobals) = postSolution
		SolutionGuid = {714139F0-3ED8-4D63-95A6-5F2F16CCBB87}
	EndGlobalSection
EndGlobal
